
Microsoft Visual Studio Solution File, Format Version 12.00
# Visual Studio Version 16
VisualStudioVersion = 16.0.30002.166
MinimumVisualStudioVersion = 10.0.40219.1
Project("{FAE04EC0-301F-11D3-BF4B-00C04F79EFBC}") = "RadialUIPlugin", "RadialUIPlugin\RadialUIPlugin.csproj", "{B1D07128-5C44-4003-B05F-D35A122E975A}"
EndProject
Project("{FAE04EC0-301F-11D3-BF4B-00C04F79EFBC}") = "RadialUIPluginPipeline", "RadialUIPlugin\RadialUIPluginPipeline.csproj", "{EBB5CE5A-BCFA-447B-83AD-D1FE6659ECC1}"
EndProject
Project("{FAE04EC0-301F-11D3-BF4B-00C04F79EFBC}") = "RadialUnitTests", "RadialUnitTests\RadialUnitTests.csproj", "{77CB6002-798B-456E-8081-35F358CFBCC2}"
EndProject
Global
	GlobalSection(SolutionConfigurationPlatforms) = preSolution
		Debug|Any CPU = Debug|Any CPU
		Release|Any CPU = Release|Any CPU
	EndGlobalSection
	GlobalSection(ProjectConfigurationPlatforms) = postSolution
		{B1D07128-5C44-4003-B05F-D35A122E975A}.Debug|Any CPU.ActiveCfg = Debug|Any CPU
		{B1D07128-5C44-4003-B05F-D35A122E975A}.Debug|Any CPU.Build.0 = Debug|Any CPU
		{B1D07128-5C44-4003-B05F-D35A122E975A}.Release|Any CPU.ActiveCfg = Release|Any CPU
		{B1D07128-5C44-4003-B05F-D35A122E975A}.Release|Any CPU.Build.0 = Release|Any CPU
		{EBB5CE5A-BCFA-447B-83AD-D1FE6659ECC1}.Debug|Any CPU.ActiveCfg = Debug|Any CPU
		{EBB5CE5A-BCFA-447B-83AD-D1FE6659ECC1}.Debug|Any CPU.Build.0 = Debug|Any CPU
		{EBB5CE5A-BCFA-447B-83AD-D1FE6659ECC1}.Release|Any CPU.ActiveCfg = Release|Any CPU
		{EBB5CE5A-BCFA-447B-83AD-D1FE6659ECC1}.Release|Any CPU.Build.0 = Release|Any CPU
		{77CB6002-798B-456E-8081-35F358CFBCC2}.Debug|Any CPU.ActiveCfg = Debug|Any CPU
		{77CB6002-798B-456E-8081-35F358CFBCC2}.Debug|Any CPU.Build.0 = Debug|Any CPU
		{77CB6002-798B-456E-8081-35F358CFBCC2}.Release|Any CPU.ActiveCfg = Release|Any CPU
		{77CB6002-798B-456E-8081-35F358CFBCC2}.Release|Any CPU.Build.0 = Release|Any CPU
	EndGlobalSection
	GlobalSection(SolutionProperties) = preSolution
		HideSolutionNode = FALSE
	EndGlobalSection
	GlobalSection(ExtensibilityGlobals) = postSolution
		SolutionGuid = {C68F054D-FD13-4BB0-9989-7F1DAA44F6AD}
	EndGlobalSection
EndGlobal
